
Microsoft Visual Studio Solution File, Format Version 12.00
# Visual Studio Version 16
VisualStudioVersion = 16.0.29806.167
MinimumVisualStudioVersion = 10.0.40219.1
Project("{8BC9CEB8-8B4A-11D0-8D11-00A0C91BC942}") = "Nikitina_2_t", "Nikitina_2_t\Nikitina_2_t.vcxproj", "{31131962-CF39-4180-9404-8BAC245D9F99}"
EndProject
Global
	GlobalSection(SolutionConfigurationPlatforms) = preSolution
		Debug|x64 = Debug|x64
		Debug|x86 = Debug|x86
		Release|x64 = Release|x64
		Release|x86 = Release|x86
	EndGlobalSection
	GlobalSection(ProjectConfigurationPlatforms) = postSolution
		{31131962-CF39-4180-9404-8BAC245D9F99}.Debug|x64.ActiveCfg = Debug|x64
		{31131962-CF39-4180-9404-8BAC245D9F99}.Debug|x64.Build.0 = Debug|x64
		{31131962-CF39-4180-9404-8BAC245D9F99}.Debug|x86.ActiveCfg = Debug|Win32
		{31131962-CF39-4180-9404-8BAC245D9F99}.Debug|x86.Build.0 = Debug|Win32
		{31131962-CF39-4180-9404-8BAC245D9F99}.Release|x64.ActiveCfg = Release|x64
		{31131962-CF39-4180-9404-8BAC245D9F99}.Release|x64.Build.0 = Release|x64
		{31131962-CF39-4180-9404-8BAC245D9F99}.Release|x86.ActiveCfg = Release|Win32
		{31131962-CF39-4180-9404-8BAC245D9F99}.Release|x86.Build.0 = Release|Win32
	EndGlobalSection
	GlobalSection(SolutionProperties) = preSolution
		HideSolutionNode = FALSE
	EndGlobalSection
	GlobalSection(ExtensibilityGlobals) = postSolution
		SolutionGuid = {DFA6A79E-8722-4738-9F65-B58E0C007DEB}
	EndGlobalSection
EndGlobal
